
Microsoft Visual Studio Solution File, Format Version 12.00
# Visual Studio Version 17
VisualStudioVersion = 17.11.35312.102
MinimumVisualStudioVersion = 10.0.40219.1
Project("{FAE04EC0-301F-11D3-BF4B-00C04F79EFBC}") = "ConsoleAutoClicker", "ConsoleAutoClicker\ConsoleAutoClicker.csproj", "{277C5978-B631-4FE3-90E4-9774BFAAF8B9}"
EndProject
Global
	GlobalSection(SolutionConfigurationPlatforms) = preSolution
		Debug|Any CPU = Debug|Any CPU
		Release|Any CPU = Release|Any CPU
	EndGlobalSection
	GlobalSection(ProjectConfigurationPlatforms) = postSolution
		{277C5978-B631-4FE3-90E4-9774BFAAF8B9}.Debug|Any CPU.ActiveCfg = Debug|Any CPU
		{277C5978-B631-4FE3-90E4-9774BFAAF8B9}.Debug|Any CPU.Build.0 = Debug|Any CPU
		{277C5978-B631-4FE3-90E4-9774BFAAF8B9}.Release|Any CPU.ActiveCfg = Release|Any CPU
		{277C5978-B631-4FE3-90E4-9774BFAAF8B9}.Release|Any CPU.Build.0 = Release|Any CPU
	EndGlobalSection
	GlobalSection(SolutionProperties) = preSolution
		HideSolutionNode = FALSE
	EndGlobalSection
	GlobalSection(ExtensibilityGlobals) = postSolution
		SolutionGuid = {BA947160-92E1-4DF1-B203-866641B5C378}
	EndGlobalSection
EndGlobal
